
Microsoft Visual Studio Solution File, Format Version 12.00
# Visual Studio Version 16
VisualStudioVersion = 25.0.1700.4
MinimumVisualStudioVersion = 10.0.40219.1
Project("{FAE04EC0-301F-11D3-BF4B-00C04F79EFBC}") = "Rotation", "Rotation.csproj", "{4FD90A17-066D-48FC-953F-33D6A377E906}"
EndProject
Global
	GlobalSection(SolutionConfigurationPlatforms) = preSolution
		Debug|Any CPU = Debug|Any CPU
		Release|Any CPU = Release|Any CPU
	EndGlobalSection
	GlobalSection(ProjectConfigurationPlatforms) = postSolution
		{4FD90A17-066D-48FC-953F-33D6A377E906}.Debug|Any CPU.ActiveCfg = Debug|Any CPU
		{4FD90A17-066D-48FC-953F-33D6A377E906}.Debug|Any CPU.Build.0 = Debug|Any CPU
		{4FD90A17-066D-48FC-953F-33D6A377E906}.Release|Any CPU.ActiveCfg = Release|Any CPU
		{4FD90A17-066D-48FC-953F-33D6A377E906}.Release|Any CPU.Build.0 = Release|Any CPU
	EndGlobalSection
	GlobalSection(SolutionProperties) = preSolution
		HideSolutionNode = FALSE
	EndGlobalSection
	GlobalSection(ExtensibilityGlobals) = postSolution
		SolutionGuid = {6FF3B014-5AD7-44B8-BE4D-8FE81AAB21A1}
	EndGlobalSection
EndGlobal
