
Microsoft Visual Studio Solution File, Format Version 12.00
# Visual Studio Version 16
VisualStudioVersion = 25.0.1700.4
MinimumVisualStudioVersion = 10.0.40219.1
Project("{FAE04EC0-301F-11D3-BF4B-00C04F79EFBC}") = "CopyingArray", "CopyingArray.csproj", "{3795D3AF-A604-4EE8-8370-3ECD8A3479A3}"
EndProject
Global
	GlobalSection(SolutionConfigurationPlatforms) = preSolution
		Debug|Any CPU = Debug|Any CPU
		Release|Any CPU = Release|Any CPU
	EndGlobalSection
	GlobalSection(ProjectConfigurationPlatforms) = postSolution
		{3795D3AF-A604-4EE8-8370-3ECD8A3479A3}.Debug|Any CPU.ActiveCfg = Debug|Any CPU
		{3795D3AF-A604-4EE8-8370-3ECD8A3479A3}.Debug|Any CPU.Build.0 = Debug|Any CPU
		{3795D3AF-A604-4EE8-8370-3ECD8A3479A3}.Release|Any CPU.ActiveCfg = Release|Any CPU
		{3795D3AF-A604-4EE8-8370-3ECD8A3479A3}.Release|Any CPU.Build.0 = Release|Any CPU
	EndGlobalSection
	GlobalSection(SolutionProperties) = preSolution
		HideSolutionNode = FALSE
	EndGlobalSection
	GlobalSection(ExtensibilityGlobals) = postSolution
		SolutionGuid = {82A9AE28-1656-4C60-857D-42ED645509B9}
	EndGlobalSection
EndGlobal
