
Microsoft Visual Studio Solution File, Format Version 12.00
# Visual Studio Version 16
VisualStudioVersion = 25.0.1700.4
MinimumVisualStudioVersion = 10.0.40219.1
Project("{FAE04EC0-301F-11D3-BF4B-00C04F79EFBC}") = "FindFrequentNumber", "FindFrequentNumber.csproj", "{C708C118-C998-41EB-84C2-0E5803FAF203}"
EndProject
Global
	GlobalSection(SolutionConfigurationPlatforms) = preSolution
		Debug|Any CPU = Debug|Any CPU
		Release|Any CPU = Release|Any CPU
	EndGlobalSection
	GlobalSection(ProjectConfigurationPlatforms) = postSolution
		{C708C118-C998-41EB-84C2-0E5803FAF203}.Debug|Any CPU.ActiveCfg = Debug|Any CPU
		{C708C118-C998-41EB-84C2-0E5803FAF203}.Debug|Any CPU.Build.0 = Debug|Any CPU
		{C708C118-C998-41EB-84C2-0E5803FAF203}.Release|Any CPU.ActiveCfg = Release|Any CPU
		{C708C118-C998-41EB-84C2-0E5803FAF203}.Release|Any CPU.Build.0 = Release|Any CPU
	EndGlobalSection
	GlobalSection(SolutionProperties) = preSolution
		HideSolutionNode = FALSE
	EndGlobalSection
	GlobalSection(ExtensibilityGlobals) = postSolution
		SolutionGuid = {08C0BC0E-129F-4C9D-9C15-27F9C5AFE86D}
	EndGlobalSection
EndGlobal
