
Microsoft Visual Studio Solution File, Format Version 12.00
# Visual Studio Version 16
VisualStudioVersion = 25.0.1700.4
MinimumVisualStudioVersion = 10.0.40219.1
Project("{FAE04EC0-301F-11D3-BF4B-00C04F79EFBC}") = "StarPyramid", "StarPyramid.csproj", "{EE0C315C-E7BF-47AC-B5FE-166A4C7A5CE9}"
EndProject
Global
	GlobalSection(SolutionConfigurationPlatforms) = preSolution
		Debug|Any CPU = Debug|Any CPU
		Release|Any CPU = Release|Any CPU
	EndGlobalSection
	GlobalSection(ProjectConfigurationPlatforms) = postSolution
		{EE0C315C-E7BF-47AC-B5FE-166A4C7A5CE9}.Debug|Any CPU.ActiveCfg = Debug|Any CPU
		{EE0C315C-E7BF-47AC-B5FE-166A4C7A5CE9}.Debug|Any CPU.Build.0 = Debug|Any CPU
		{EE0C315C-E7BF-47AC-B5FE-166A4C7A5CE9}.Release|Any CPU.ActiveCfg = Release|Any CPU
		{EE0C315C-E7BF-47AC-B5FE-166A4C7A5CE9}.Release|Any CPU.Build.0 = Release|Any CPU
	EndGlobalSection
	GlobalSection(SolutionProperties) = preSolution
		HideSolutionNode = FALSE
	EndGlobalSection
	GlobalSection(ExtensibilityGlobals) = postSolution
		SolutionGuid = {7CD27CD5-848D-4C21-B9DB-06BC7084BBC5}
	EndGlobalSection
EndGlobal
