
Microsoft Visual Studio Solution File, Format Version 12.00
# Visual Studio Version 16
VisualStudioVersion = 25.0.1700.4
MinimumVisualStudioVersion = 10.0.40219.1
Project("{FAE04EC0-301F-11D3-BF4B-00C04F79EFBC}") = "Exercise03", "Exercise03.csproj", "{01AF11FD-6583-4910-B12F-14C4705D6173}"
EndProject
Global
	GlobalSection(SolutionConfigurationPlatforms) = preSolution
		Debug|Any CPU = Debug|Any CPU
		Release|Any CPU = Release|Any CPU
	EndGlobalSection
	GlobalSection(ProjectConfigurationPlatforms) = postSolution
		{01AF11FD-6583-4910-B12F-14C4705D6173}.Debug|Any CPU.ActiveCfg = Debug|Any CPU
		{01AF11FD-6583-4910-B12F-14C4705D6173}.Debug|Any CPU.Build.0 = Debug|Any CPU
		{01AF11FD-6583-4910-B12F-14C4705D6173}.Release|Any CPU.ActiveCfg = Release|Any CPU
		{01AF11FD-6583-4910-B12F-14C4705D6173}.Release|Any CPU.Build.0 = Release|Any CPU
	EndGlobalSection
	GlobalSection(SolutionProperties) = preSolution
		HideSolutionNode = FALSE
	EndGlobalSection
	GlobalSection(ExtensibilityGlobals) = postSolution
		SolutionGuid = {B118EBBE-3538-4328-91D6-2562C4E5B520}
	EndGlobalSection
EndGlobal
