
Microsoft Visual Studio Solution File, Format Version 12.00
# Visual Studio Version 16
VisualStudioVersion = 25.0.1700.4
MinimumVisualStudioVersion = 10.0.40219.1
Project("{FAE04EC0-301F-11D3-BF4B-00C04F79EFBC}") = "Reversing_Array", "Reversing_Array.csproj", "{0A3C9127-52D9-4FCF-98BF-6EF6973562B9}"
EndProject
Global
	GlobalSection(SolutionConfigurationPlatforms) = preSolution
		Debug|Any CPU = Debug|Any CPU
		Release|Any CPU = Release|Any CPU
	EndGlobalSection
	GlobalSection(ProjectConfigurationPlatforms) = postSolution
		{0A3C9127-52D9-4FCF-98BF-6EF6973562B9}.Debug|Any CPU.ActiveCfg = Debug|Any CPU
		{0A3C9127-52D9-4FCF-98BF-6EF6973562B9}.Debug|Any CPU.Build.0 = Debug|Any CPU
		{0A3C9127-52D9-4FCF-98BF-6EF6973562B9}.Release|Any CPU.ActiveCfg = Release|Any CPU
		{0A3C9127-52D9-4FCF-98BF-6EF6973562B9}.Release|Any CPU.Build.0 = Release|Any CPU
	EndGlobalSection
	GlobalSection(SolutionProperties) = preSolution
		HideSolutionNode = FALSE
	EndGlobalSection
	GlobalSection(ExtensibilityGlobals) = postSolution
		SolutionGuid = {EAA3A744-AA5A-4739-A569-F5F079773366}
	EndGlobalSection
EndGlobal
